github.com/dgryski/go-metro v0.0.0-20200812162917-85c65e2d0165 h1:BS21ZUJ/B5X2UVUbczfmdWH7GapPWAhxcMsDnjJTU1E=
github.com/dgryski/go-metro v0.0.0-20200812162917-85c65e2d0165/go.mod h1:c9O8+fpSOX1DM8cPNSkX/qsBWdkD4yd2dpciOWQjpBw=
github.com/irfansharif/cfilter v0.1.1 h1:jUBtJeleLcwXw+96rzfq6D9zNzO3Lbrt81YDF5lMM/o=
github.com/irfansharif/cfilter v0.1.1/go.mod h1:lev72lI5FgjU6ayV2obe0SxeiVJ20TTi9TKmkdPW3h8=
github.com/seiflotfy/cuckoofilter v0.0.0-20200511222245-56093a4d3841 h1:pnfutQFsV7ySmHUeX6ANGfPsBo29RctUvDn8G3rmJVw=
github.com/seiflotfy/cuckoofilter v0.0.0-20200511222245-56093a4d3841/go.mod h1:ET5mVvNjwaGXRgZxO9UZr7X+8eAf87AfIYNwRSp9s4Y=
github.com/steakknife/bloomfilter v0.0.0-20180922174646-6819c0d2a570 h1:gIlAHnH1vJb5vwEjIp5kBj/eu99p/bl0Ay2goiPe5xE=
github.com/steakknife/bloomfilter v0.0.0-20180922174646-6819c0d2a570/go.mod h1:8OR4w3TdeIHIh1g6EMY5p0gVNOovcWC+1vpc7naMuAw=
github.com/steakknife/hamming v0.0.0-20180906055917-c99c65617cd3 h1:njlZPzLwU639dk2kqnCPPv+wNjq7Xb6EfUxe/oX0/NM=
github.com/steakknife/hamming v0.0.0-20180906055917-c99c65617cd3/go.mod h1:hpGUWaI9xL8pRQCTXQgocU38Qw1g0Us7n5PxxTwTCYU=
